
Microsoft Visual Studio Solution File, Format Version 10.00
# Visual Studio 2008
Project("{FAE04EC0-301F-11D3-BF4B-00C04F79EFBC}") = "KedSys35", "KedSys35.csproj", "{03A80221-90CB-4190-B078-C007835DEEF1}"
EndProject
Global
	GlobalSection(SolutionConfigurationPlatforms) = preSolution
		Debug|Any CPU = Debug|Any CPU
		Release|Any CPU = Release|Any CPU
	EndGlobalSection
	GlobalSection(ProjectConfigurationPlatforms) = postSolution
		{03A80221-90CB-4190-B078-C007835DEEF1}.Debug|Any CPU.ActiveCfg = Debug|Any CPU
		{03A80221-90CB-4190-B078-C007835DEEF1}.Debug|Any CPU.Build.0 = Debug|Any CPU
		{03A80221-90CB-4190-B078-C007835DEEF1}.Release|Any CPU.ActiveCfg = Release|Any CPU
		{03A80221-90CB-4190-B078-C007835DEEF1}.Release|Any CPU.Build.0 = Release|Any CPU
	EndGlobalSection
	GlobalSection(SolutionProperties) = preSolution
		HideSolutionNode = FALSE
	EndGlobalSection
EndGlobal
